
Microsoft Visual Studio Solution File, Format Version 12.00
# Visual Studio Version 16
VisualStudioVersion = 16.0.29025.244
MinimumVisualStudioVersion = 10.0.40219.1
Project("{FAE04EC0-301F-11D3-BF4B-00C04F79EFBC}") = "ApproximationAlgorithms", "ApproximationAlgorithms\ApproximationAlgorithms.csproj", "{DC8954B8-7E7A-4C7E-AB1E-615FB2B7EAF9}"
EndProject
Project("{FAE04EC0-301F-11D3-BF4B-00C04F79EFBC}") = "ApproximationAlgorithmTest", "ApproximationAlgorithmTest\ApproximationAlgorithmTest.csproj", "{D4260527-B26C-4CF9-A793-5B24EBC951B6}"
EndProject
Global
	GlobalSection(SolutionConfigurationPlatforms) = preSolution
		Debug|Any CPU = Debug|Any CPU
		Release|Any CPU = Release|Any CPU
	EndGlobalSection
	GlobalSection(ProjectConfigurationPlatforms) = postSolution
		{DC8954B8-7E7A-4C7E-AB1E-615FB2B7EAF9}.Debug|Any CPU.ActiveCfg = Debug|Any CPU
		{DC8954B8-7E7A-4C7E-AB1E-615FB2B7EAF9}.Debug|Any CPU.Build.0 = Debug|Any CPU
		{DC8954B8-7E7A-4C7E-AB1E-615FB2B7EAF9}.Release|Any CPU.ActiveCfg = Release|Any CPU
		{DC8954B8-7E7A-4C7E-AB1E-615FB2B7EAF9}.Release|Any CPU.Build.0 = Release|Any CPU
		{D4260527-B26C-4CF9-A793-5B24EBC951B6}.Debug|Any CPU.ActiveCfg = Debug|Any CPU
		{D4260527-B26C-4CF9-A793-5B24EBC951B6}.Debug|Any CPU.Build.0 = Debug|Any CPU
		{D4260527-B26C-4CF9-A793-5B24EBC951B6}.Release|Any CPU.ActiveCfg = Release|Any CPU
		{D4260527-B26C-4CF9-A793-5B24EBC951B6}.Release|Any CPU.Build.0 = Release|Any CPU
	EndGlobalSection
	GlobalSection(SolutionProperties) = preSolution
		HideSolutionNode = FALSE
	EndGlobalSection
	GlobalSection(ExtensibilityGlobals) = postSolution
		SolutionGuid = {32CF3D93-D67E-4202-9090-41FDBA3B6413}
	EndGlobalSection
EndGlobal
